{
  "originHash" : "62841f978531e6a166c6ec53e55072988099a0f4d0439e2dbcfe08d3814dafae",
  "pins" : [
    {
      "identity" : "grdb.swift",
      "kind" : "remoteSourceControl",
      "location" : "https://github.com/groue/GRDB.swift.git",
      "state" : {
        "revision" : "b83108d10f42680d78f23fe4d4d80fc88dab3212",
        "version" : "7.11.1"
      }
    },
    {
      "identity" : "yams",
      "kind" : "remoteSourceControl",
      "location" : "https://github.com/jpsim/Yams.git",
      "state" : {
        "revision" : "a27b21e0c81c5bf42049b897a62aaf387e80f279",
        "version" : "6.2.2"
      }
    }
  ],
  "version" : 3
}
